// !$*UTF8*$!
{
	archiveVersion = 1;
	classes = {
	};
	objectVersion = 46;
	objects = {

/* Begin PBXBuildFile section */
		656047EC1AD49006004222C7 /* main.m in Sources */ = {isa = PBXBuildFile; fileRef = 656047EB1AD49006004222C7 /* main.m */; };
		656047EF1AD49006004222C7 /* AppDelegate.m in Sources */ = {isa = PBXBuildFile; fileRef = 656047EE1AD49006004222C7 /* AppDelegate.m */; };
		656047F21AD49006004222C7 /* ViewController.m in Sources */ = {isa = PBXBuildFile; fileRef = 656047F11AD49006004222C7 /* ViewController.m */; };
		656047F51AD49006004222C7 /* Main.storyboard in Resources */ = {isa = PBXBuildFile; fileRef = 656047F31AD49006004222C7 /* Main.storyboard */; };
		656047F71AD49006004222C7 /* Images.xcassets in Resources */ = {isa = PBXBuildFile; fileRef = 656047F61AD49006004222C7 /* Images.xcassets */; };
		656047FA1AD49006004222C7 /* LaunchScreen.xib in Resources */ = {isa = PBXBuildFile; fileRef = 656047F81AD49006004222C7 /* LaunchScreen.xib */; };
		656048061AD49006004222C7 /* fipeTests.m in Sources */ = {isa = PBXBuildFile; fileRef = 656048051AD49006004222C7 /* fipeTests.m */; };
		656048111AD49316004222C7 /* MontadoraTableViewController.m in Sources */ = {isa = PBXBuildFile; fileRef = 656048101AD49316004222C7 /* MontadoraTableViewController.m */; };
		656048161AD496D2004222C7 /* RootTableViewController.m in Sources */ = {isa = PBXBuildFile; fileRef = 656048151AD496D2004222C7 /* RootTableViewController.m */; };
		656048331AD49D01004222C7 /* NSObject+SBJson.m in Sources */ = {isa = PBXBuildFile; fileRef = 6560481B1AD49D01004222C7 /* NSObject+SBJson.m */; };
		656048341AD49D01004222C7 /* SBJsonParser.m in Sources */ = {isa = PBXBuildFile; fileRef = 6560481E1AD49D01004222C7 /* SBJsonParser.m */; };
		656048351AD49D01004222C7 /* SBJsonStreamParser.m in Sources */ = {isa = PBXBuildFile; fileRef = 656048201AD49D01004222C7 /* SBJsonStreamParser.m */; };
		656048361AD49D01004222C7 /* SBJsonStreamParserAccumulator.m in Sources */ = {isa = PBXBuildFile; fileRef = 656048221AD49D01004222C7 /* SBJsonStreamParserAccumulator.m */; };
		656048371AD49D01004222C7 /* SBJsonStreamParserAdapter.m in Sources */ = {isa = PBXBuildFile; fileRef = 656048241AD49D01004222C7 /* SBJsonStreamParserAdapter.m */; };
		656048381AD49D01004222C7 /* SBJsonStreamParserState.m in Sources */ = {isa = PBXBuildFile; fileRef = 656048261AD49D01004222C7 /* SBJsonStreamParserState.m */; };
		656048391AD49D01004222C7 /* SBJsonStreamWriter.m in Sources */ = {isa = PBXBuildFile; fileRef = 656048281AD49D01004222C7 /* SBJsonStreamWriter.m */; };
		6560483A1AD49D01004222C7 /* SBJsonStreamWriterAccumulator.m in Sources */ = {isa = PBXBuildFile; fileRef = 6560482A1AD49D01004222C7 /* SBJsonStreamWriterAccumulator.m */; };
		6560483B1AD49D01004222C7 /* SBJsonStreamWriterState.m in Sources */ = {isa = PBXBuildFile; fileRef = 6560482C1AD49D01004222C7 /* SBJsonStreamWriterState.m */; };
		6560483C1AD49D01004222C7 /* SBJsonTokeniser.m in Sources */ = {isa = PBXBuildFile; fileRef = 6560482E1AD49D01004222C7 /* SBJsonTokeniser.m */; };
		6560483D1AD49D01004222C7 /* SBJsonUTF8Stream.m in Sources */ = {isa = PBXBuildFile; fileRef = 656048301AD49D01004222C7 /* SBJsonUTF8Stream.m */; };
		6560483E1AD49D01004222C7 /* SBJsonWriter.m in Sources */ = {isa = PBXBuildFile; fileRef = 656048321AD49D01004222C7 /* SBJsonWriter.m */; };
		659F82901AD589D300B9B044 /* DetalheViewController.m in Sources */ = {isa = PBXBuildFile; fileRef = 659F828F1AD589D300B9B044 /* DetalheViewController.m */; };
		65A0FE441AD6D43B00A20139 /* CustomSegue.m in Sources */ = {isa = PBXBuildFile; fileRef = 65A0FE431AD6D43B00A20139 /* CustomSegue.m */; };
		65A0FE471AD6D9B400A20139 /* AppGlobal.m in Sources */ = {isa = PBXBuildFile; fileRef = 65A0FE461AD6D9B400A20139 /* AppGlobal.m */; };
		65D368F21AD9691F00BFB6B7 /* WebService.m in Sources */ = {isa = PBXBuildFile; fileRef = 65D368F11AD9691F00BFB6B7 /* WebService.m */; };
		65D368F51AD9963A00BFB6B7 /* FavoritoTableViewController.m in Sources */ = {isa = PBXBuildFile; fileRef = 65D368F41AD9963A00BFB6B7 /* FavoritoTableViewController.m */; };
		65D368FA1AD9B42F00BFB6B7 /* calendario.png in Resources */ = {isa = PBXBuildFile; fileRef = 65D368F81AD9B42F00BFB6B7 /* calendario.png */; };
		65D368FB1AD9B42F00BFB6B7 /* preco.png in Resources */ = {isa = PBXBuildFile; fileRef = 65D368F91AD9B42F00BFB6B7 /* preco.png */; };
		65D368FD1AD9BD9C00BFB6B7 /* favorito.png in Resources */ = {isa = PBXBuildFile; fileRef = 65D368FC1AD9BD9C00BFB6B7 /* favorito.png */; };
		65D683D61AE2B543005FAF9F /* iAd.framework in Frameworks */ = {isa = PBXBuildFile; fileRef = 65D683D51AE2B543005FAF9F /* iAd.framework */; };
		65D963141AD9460F00755BD0 /* UMobApp.png in Resources */ = {isa = PBXBuildFile; fileRef = 65D963131AD9460F00755BD0 /* UMobApp.png */; };
/* End PBXBuildFile section */

/* Begin PBXContainerItemProxy section */
		656048001AD49006004222C7 /* PBXContainerItemProxy */ = {
			isa = PBXContainerItemProxy;
			containerPortal = 656047DE1AD49005004222C7 /* Project object */;
			proxyType = 1;
			remoteGlobalIDString = 656047E51AD49005004222C7;
			remoteInfo = fipe;
		};
/* End PBXContainerItemProxy section */

/* Begin PBXFileReference section */
		656047E61AD49005004222C7 /* Fipe.app */ = {isa = PBXFileReference; explicitFileType = wrapper.application; includeInIndex = 0; path = Fipe.app; sourceTree = BUILT_PRODUCTS_DIR; };
		656047EA1AD49006004222C7 /* Info.plist */ = {isa = PBXFileReference; lastKnownFileType = text.plist.xml; path = Info.plist; sourceTree = "<group>"; };
		656047EB1AD49006004222C7 /* main.m */ = {isa = PBXFileReference; lastKnownFileType = sourcecode.c.objc; path = main.m; sourceTree = "<group>"; };
		656047ED1AD49006004222C7 /* AppDelegate.h */ = {isa = PBXFileReference; lastKnownFileType = sourcecode.c.h; path = AppDelegate.h; sourceTree = "<group>"; };
		656047EE1AD49006004222C7 /* AppDelegate.m */ = {isa = PBXFileReference; lastKnownFileType = sourcecode.c.objc; path = AppDelegate.m; sourceTree = "<group>"; };
		656047F01AD49006004222C7 /* ViewController.h */ = {isa = PBXFileReference; lastKnownFileType = sourcecode.c.h; path = ViewController.h; sourceTree = "<group>"; };
		656047F11AD49006004222C7 /* ViewController.m */ = {isa = PBXFileReference; lastKnownFileType = sourcecode.c.objc; path = ViewController.m; sourceTree = "<group>"; };
		656047F41AD49006004222C7 /* Base */ = {isa = PBXFileReference; lastKnownFileType = file.storyboard; name = Base; path = Base.lproj/Main.storyboard; sourceTree = "<group>"; };
		656047F61AD49006004222C7 /* Images.xcassets */ = {isa = PBXFileReference; lastKnownFileType = folder.assetcatalog; path = Images.xcassets; sourceTree = "<group>"; };
		656047F91AD49006004222C7 /* Base */ = {isa = PBXFileReference; lastKnownFileType = file.xib; name = Base; path = Base.lproj/LaunchScreen.xib; sourceTree = "<group>"; };
		656047FF1AD49006004222C7 /* fipeTests.xctest */ = {isa = PBXFileReference; explicitFileType = wrapper.cfbundle; includeInIndex = 0; path = fipeTests.xctest; sourceTree = BUILT_PRODUCTS_DIR; };
		656048041AD49006004222C7 /* Info.plist */ = {isa = PBXFileReference; lastKnownFileType = text.plist.xml; path = Info.plist; sourceTree = "<group>"; };
		656048051AD49006004222C7 /* fipeTests.m */ = {isa = PBXFileReference; lastKnownFileType = sourcecode.c.objc; path = fipeTests.m; sourceTree = "<group>"; };
		6560480F1AD49316004222C7 /* MontadoraTableViewController.h */ = {isa = PBXFileReference; fileEncoding = 4; lastKnownFileType = sourcecode.c.h; path = MontadoraTableViewController.h; sourceTree = "<group>"; };
		656048101AD49316004222C7 /* MontadoraTableViewController.m */ = {isa = PBXFileReference; fileEncoding = 4; lastKnownFileType = sourcecode.c.objc; path = MontadoraTableViewController.m; sourceTree = "<group>"; };
		656048141AD496D2004222C7 /* RootTableViewController.h */ = {isa = PBXFileReference; fileEncoding = 4; lastKnownFileType = sourcecode.c.h; path = RootTableViewController.h; sourceTree = "<group>"; };
		656048151AD496D2004222C7 /* RootTableViewController.m */ = {isa = PBXFileReference; fileEncoding = 4; lastKnownFileType = sourcecode.c.objc; path = RootTableViewController.m; sourceTree = "<group>"; };
		656048191AD49D01004222C7 /* JSON.h */ = {isa = PBXFileReference; fileEncoding = 4; lastKnownFileType = sourcecode.c.h; path = JSON.h; sourceTree = "<group>"; };
		6560481A1AD49D01004222C7 /* NSObject+SBJson.h */ = {isa = PBXFileReference; fileEncoding = 4; lastKnownFileType = sourcecode.c.h; path = "NSObject+SBJson.h"; sourceTree = "<group>"; };
		6560481B1AD49D01004222C7 /* NSObject+SBJson.m */ = {isa = PBXFileReference; fileEncoding = 4; lastKnownFileType = sourcecode.c.objc; path = "NSObject+SBJson.m"; sourceTree = "<group>"; };
		6560481C1AD49D01004222C7 /* SBJson.h */ = {isa = PBXFileReference; fileEncoding = 4; lastKnownFileType = sourcecode.c.h; path = SBJson.h; sourceTree = "<group>"; };
		6560481D1AD49D01004222C7 /* SBJsonParser.h */ = {isa = PBXFileReference; fileEncoding = 4; lastKnownFileType = sourcecode.c.h; path = SBJsonParser.h; sourceTree = "<group>"; };
		6560481E1AD49D01004222C7 /* SBJsonParser.m */ = {isa = PBXFileReference; fileEncoding = 4; lastKnownFileType = sourcecode.c.objc; path = SBJsonParser.m; sourceTree = "<group>"; };
		6560481F1AD49D01004222C7 /* SBJsonStreamParser.h */ = {isa = PBXFileReference; fileEncoding = 4; lastKnownFileType = sourcecode.c.h; path = SBJsonStreamParser.h; sourceTree = "<group>"; };
		656048201AD49D01004222C7 /* SBJsonStreamParser.m */ = {isa = PBXFileReference; fileEncoding = 4; lastKnownFileType = sourcecode.c.objc; path = SBJsonStreamParser.m; sourceTree = "<group>"; };
		656048211AD49D01004222C7 /* SBJsonStreamParserAccumulator.h */ = {isa = PBXFileReference; fileEncoding = 4; lastKnownFileType = sourcecode.c.h; path = SBJsonStreamParserAccumulator.h; sourceTree = "<group>"; };
		656048221AD49D01004222C7 /* SBJsonStreamParserAccumulator.m */ = {isa = PBXFileReference; fileEncoding = 4; lastKnownFileType = sourcecode.c.objc; path = SBJsonStreamParserAccumulator.m; sourceTree = "<group>"; };
		656048231AD49D01004222C7 /* SBJsonStreamParserAdapter.h */ = {isa = PBXFileReference; fileEncoding = 4; lastKnownFileType = sourcecode.c.h; path = SBJsonStreamParserAdapter.h; sourceTree = "<group>"; };
		656048241AD49D01004222C7 /* SBJsonStreamParserAdapter.m */ = {isa = PBXFileReference; fileEncoding = 4; lastKnownFileType = sourcecode.c.objc; path = SBJsonStreamParserAdapter.m; sourceTree = "<group>"; };
		656048251AD49D01004222C7 /* SBJsonStreamParserState.h */ = {isa = PBXFileReference; fileEncoding = 4; lastKnownFileType = sourcecode.c.h; path = SBJsonStreamParserState.h; sourceTree = "<group>"; };
		656048261AD49D01004222C7 /* SBJsonStreamParserState.m */ = {isa = PBXFileReference; fileEncoding = 4; lastKnownFileType = sourcecode.c.objc; path = SBJsonStreamParserState.m; sourceTree = "<group>"; };
		656048271AD49D01004222C7 /* SBJsonStreamWriter.h */ = {isa = PBXFileReference; fileEncoding = 4; lastKnownFileType = sourcecode.c.h; path = SBJsonStreamWriter.h; sourceTree = "<group>"; };
		656048281AD49D01004222C7 /* SBJsonStreamWriter.m */ = {isa = PBXFileReference; fileEncoding = 4; lastKnownFileType = sourcecode.c.objc; path = SBJsonStreamWriter.m; sourceTree = "<group>"; };
		656048291AD49D01004222C7 /* SBJsonStreamWriterAccumulator.h */ = {isa = PBXFileReference; fileEncoding = 4; lastKnownFileType = sourcecode.c.h; path = SBJsonStreamWriterAccumulator.h; sourceTree = "<group>"; };
		6560482A1AD49D01004222C7 /* SBJsonStreamWriterAccumulator.m */ = {isa = PBXFileReference; fileEncoding = 4; lastKnownFileType = sourcecode.c.objc; path = SBJsonStreamWriterAccumulator.m; sourceTree = "<group>"; };
		6560482B1AD49D01004222C7 /* SBJsonStreamWriterState.h */ = {isa = PBXFileReference; fileEncoding = 4; lastKnownFileType = sourcecode.c.h; path = SBJsonStreamWriterState.h; sourceTree = "<group>"; };
		6560482C1AD49D01004222C7 /* SBJsonStreamWriterState.m */ = {isa = PBXFileReference; fileEncoding = 4; lastKnownFileType = sourcecode.c.objc; path = SBJsonStreamWriterState.m; sourceTree = "<group>"; };
		6560482D1AD49D01004222C7 /* SBJsonTokeniser.h */ = {isa = PBXFileReference; fileEncoding = 4; lastKnownFileType = sourcecode.c.h; path = SBJsonTokeniser.h; sourceTree = "<group>"; };
		6560482E1AD49D01004222C7 /* SBJsonTokeniser.m */ = {isa = PBXFileReference; fileEncoding = 4; lastKnownFileType = sourcecode.c.objc; path = SBJsonTokeniser.m; sourceTree = "<group>"; };
		6560482F1AD49D01004222C7 /* SBJsonUTF8Stream.h */ = {isa = PBXFileReference; fileEncoding = 4; lastKnownFileType = sourcecode.c.h; path = SBJsonUTF8Stream.h; sourceTree = "<group>"; };
		656048301AD49D01004222C7 /* SBJsonUTF8Stream.m */ = {isa = PBXFileReference; fileEncoding = 4; lastKnownFileType = sourcecode.c.objc; path = SBJsonUTF8Stream.m; sourceTree = "<group>"; };
		656048311AD49D01004222C7 /* SBJsonWriter.h */ = {isa = PBXFileReference; fileEncoding = 4; lastKnownFileType = sourcecode.c.h; path = SBJsonWriter.h; sourceTree = "<group>"; };
		656048321AD49D01004222C7 /* SBJsonWriter.m */ = {isa = PBXFileReference; fileEncoding = 4; lastKnownFileType = sourcecode.c.objc; path = SBJsonWriter.m; sourceTree = "<group>"; };
		659F828E1AD589D300B9B044 /* DetalheViewController.h */ = {isa = PBXFileReference; fileEncoding = 4; lastKnownFileType = sourcecode.c.h; path = DetalheViewController.h; sourceTree = "<group>"; };
		659F828F1AD589D300B9B044 /* DetalheViewController.m */ = {isa = PBXFileReference; fileEncoding = 4; lastKnownFileType = sourcecode.c.objc; path = DetalheViewController.m; sourceTree = "<group>"; };
		65A0FE421AD6D43B00A20139 /* CustomSegue.h */ = {isa = PBXFileReference; fileEncoding = 4; lastKnownFileType = sourcecode.c.h; path = CustomSegue.h; sourceTree = "<group>"; };
		65A0FE431AD6D43B00A20139 /* CustomSegue.m */ = {isa = PBXFileReference; fileEncoding = 4; lastKnownFileType = sourcecode.c.objc; path = CustomSegue.m; sourceTree = "<group>"; };
		65A0FE451AD6D9B400A20139 /* AppGlobal.h */ = {isa = PBXFileReference; fileEncoding = 4; lastKnownFileType = sourcecode.c.h; path = AppGlobal.h; sourceTree = "<group>"; };
		65A0FE461AD6D9B400A20139 /* AppGlobal.m */ = {isa = PBXFileReference; fileEncoding = 4; lastKnownFileType = sourcecode.c.objc; path = AppGlobal.m; sourceTree = "<group>"; };
		65D368F01AD9691F00BFB6B7 /* WebService.h */ = {isa = PBXFileReference; fileEncoding = 4; lastKnownFileType = sourcecode.c.h; path = WebService.h; sourceTree = "<group>"; };
		65D368F11AD9691F00BFB6B7 /* WebService.m */ = {isa = PBXFileReference; fileEncoding = 4; lastKnownFileType = sourcecode.c.objc; path = WebService.m; sourceTree = "<group>"; };
		65D368F31AD9963A00BFB6B7 /* FavoritoTableViewController.h */ = {isa = PBXFileReference; fileEncoding = 4; lastKnownFileType = sourcecode.c.h; path = FavoritoTableViewController.h; sourceTree = "<group>"; };
		65D368F41AD9963A00BFB6B7 /* FavoritoTableViewController.m */ = {isa = PBXFileReference; fileEncoding = 4; lastKnownFileType = sourcecode.c.objc; path = FavoritoTableViewController.m; sourceTree = "<group>"; };
		65D368F61AD9AC8E00BFB6B7 /* pt */ = {isa = PBXFileReference; lastKnownFileType = text.plist.strings; name = pt; path = pt.lproj/LaunchScreen.strings; sourceTree = "<group>"; };
		65D368F71AD9AC8E00BFB6B7 /* pt */ = {isa = PBXFileReference; lastKnownFileType = text.plist.strings; name = pt; path = pt.lproj/Main.strings; sourceTree = "<group>"; };
		65D368F81AD9B42F00BFB6B7 /* calendario.png */ = {isa = PBXFileReference; lastKnownFileType = image.png; name = calendario.png; path = Imagens/calendario.png; sourceTree = "<group>"; };
		65D368F91AD9B42F00BFB6B7 /* preco.png */ = {isa = PBXFileReference; lastKnownFileType = image.png; name = preco.png; path = Imagens/preco.png; sourceTree = "<group>"; };
		65D368FC1AD9BD9C00BFB6B7 /* favorito.png */ = {isa = PBXFileReference; lastKnownFileType = image.png; name = favorito.png; path = Imagens/favorito.png; sourceTree = "<group>"; };
		65D683D51AE2B543005FAF9F /* iAd.framework */ = {isa = PBXFileReference; lastKnownFileType = wrapper.framework; name = iAd.framework; path = System/Library/Frameworks/iAd.framework; sourceTree = SDKROOT; };
		65D963131AD9460F00755BD0 /* UMobApp.png */ = {isa = PBXFileReference; lastKnownFileType = image.png; name = UMobApp.png; path = Imagens/UMobApp.png; sourceTree = "<group>"; };
/* End PBXFileReference section */

/* Begin PBXFrameworksBuildPhase section */
		656047E31AD49005004222C7 /* Frameworks */ = {
			isa = PBXFrameworksBuildPhase;
			buildActionMask = 2147483647;
			files = (
				65D683D61AE2B543005FAF9F /* iAd.framework in Frameworks */,
			);
			runOnlyForDeploymentPostprocessing = 0;
		};
		656047FC1AD49006004222C7 /* Frameworks */ = {
			isa = PBXFrameworksBuildPhase;
			buildActionMask = 2147483647;
			files = (
			);
			runOnlyForDeploymentPostprocessing = 0;
		};
/* End PBXFrameworksBuildPhase section */

/* Begin PBXGroup section */
		656047DD1AD49005004222C7 = {
			isa = PBXGroup;
			children = (
				65D683D51AE2B543005FAF9F /* iAd.framework */,
				656047E81AD49005004222C7 /* fipe */,
				656048021AD49006004222C7 /* fipeTests */,
				656047E71AD49005004222C7 /* Products */,
			);
			sourceTree = "<group>";
		};
		656047E71AD49005004222C7 /* Products */ = {
			isa = PBXGroup;
			children = (
				656047E61AD49005004222C7 /* Fipe.app */,
				656047FF1AD49006004222C7 /* fipeTests.xctest */,
			);
			name = Products;
			sourceTree = "<group>";
		};
		656047E81AD49005004222C7 /* fipe */ = {
			isa = PBXGroup;
			children = (
				656047ED1AD49006004222C7 /* AppDelegate.h */,
				656047EE1AD49006004222C7 /* AppDelegate.m */,
				65A0FE451AD6D9B400A20139 /* AppGlobal.h */,
				65A0FE461AD6D9B400A20139 /* AppGlobal.m */,
				65A0FE421AD6D43B00A20139 /* CustomSegue.h */,
				65A0FE431AD6D43B00A20139 /* CustomSegue.m */,
				659F828E1AD589D300B9B044 /* DetalheViewController.h */,
				659F828F1AD589D300B9B044 /* DetalheViewController.m */,
				65D963121AD945EB00755BD0 /* Imagens */,
				656047F61AD49006004222C7 /* Images.xcassets */,
				656048181AD49D01004222C7 /* Json */,
				656047F81AD49006004222C7 /* LaunchScreen.xib */,
				656047F31AD49006004222C7 /* Main.storyboard */,
				6560480F1AD49316004222C7 /* MontadoraTableViewController.h */,
				656048101AD49316004222C7 /* MontadoraTableViewController.m */,
				656048141AD496D2004222C7 /* RootTableViewController.h */,
				656048151AD496D2004222C7 /* RootTableViewController.m */,
				656047E91AD49005004222C7 /* Supporting Files */,
				656047F01AD49006004222C7 /* ViewController.h */,
				656047F11AD49006004222C7 /* ViewController.m */,
				65D368F01AD9691F00BFB6B7 /* WebService.h */,
				65D368F11AD9691F00BFB6B7 /* WebService.m */,
				65D368F31AD9963A00BFB6B7 /* FavoritoTableViewController.h */,
				65D368F41AD9963A00BFB6B7 /* FavoritoTableViewController.m */,
			);
			path = fipe;
			sourceTree = "<group>";
		};
		656047E91AD49005004222C7 /* Supporting Files */ = {
			isa = PBXGroup;
			children = (
				656047EA1AD49006004222C7 /* Info.plist */,
				656047EB1AD49006004222C7 /* main.m */,
			);
			name = "Supporting Files";
			sourceTree = "<group>";
		};
		656048021AD49006004222C7 /* fipeTests */ = {
			isa = PBXGroup;
			children = (
				656048051AD49006004222C7 /* fipeTests.m */,
				656048031AD49006004222C7 /* Supporting Files */,
			);
			path = fipeTests;
			sourceTree = "<group>";
		};
		656048031AD49006004222C7 /* Supporting Files */ = {
			isa = PBXGroup;
			children = (
				656048041AD49006004222C7 /* Info.plist */,
			);
			name = "Supporting Files";
			sourceTree = "<group>";
		};
		656048181AD49D01004222C7 /* Json */ = {
			isa = PBXGroup;
			children = (
				656048191AD49D01004222C7 /* JSON.h */,
				6560481A1AD49D01004222C7 /* NSObject+SBJson.h */,
				6560481B1AD49D01004222C7 /* NSObject+SBJson.m */,
				6560481C1AD49D01004222C7 /* SBJson.h */,
				6560481D1AD49D01004222C7 /* SBJsonParser.h */,
				6560481E1AD49D01004222C7 /* SBJsonParser.m */,
				6560481F1AD49D01004222C7 /* SBJsonStreamParser.h */,
				656048201AD49D01004222C7 /* SBJsonStreamParser.m */,
				656048211AD49D01004222C7 /* SBJsonStreamParserAccumulator.h */,
				656048221AD49D01004222C7 /* SBJsonStreamParserAccumulator.m */,
				656048231AD49D01004222C7 /* SBJsonStreamParserAdapter.h */,
				656048241AD49D01004222C7 /* SBJsonStreamParserAdapter.m */,
				656048251AD49D01004222C7 /* SBJsonStreamParserState.h */,
				656048261AD49D01004222C7 /* SBJsonStreamParserState.m */,
				656048271AD49D01004222C7 /* SBJsonStreamWriter.h */,
				656048281AD49D01004222C7 /* SBJsonStreamWriter.m */,
				656048291AD49D01004222C7 /* SBJsonStreamWriterAccumulator.h */,
				6560482A1AD49D01004222C7 /* SBJsonStreamWriterAccumulator.m */,
				6560482B1AD49D01004222C7 /* SBJsonStreamWriterState.h */,
				6560482C1AD49D01004222C7 /* SBJsonStreamWriterState.m */,
				6560482D1AD49D01004222C7 /* SBJsonTokeniser.h */,
				6560482E1AD49D01004222C7 /* SBJsonTokeniser.m */,
				6560482F1AD49D01004222C7 /* SBJsonUTF8Stream.h */,
				656048301AD49D01004222C7 /* SBJsonUTF8Stream.m */,
				656048311AD49D01004222C7 /* SBJsonWriter.h */,
				656048321AD49D01004222C7 /* SBJsonWriter.m */,
			);
			path = Json;
			sourceTree = "<group>";
		};
		65D963121AD945EB00755BD0 /* Imagens */ = {
			isa = PBXGroup;
			children = (
				65D368FC1AD9BD9C00BFB6B7 /* favorito.png */,
				65D368F81AD9B42F00BFB6B7 /* calendario.png */,
				65D368F91AD9B42F00BFB6B7 /* preco.png */,
				65D963131AD9460F00755BD0 /* UMobApp.png */,
			);
			name = Imagens;
			sourceTree = "<group>";
		};
/* End PBXGroup section */

/* Begin PBXNativeTarget section */
		656047E51AD49005004222C7 /* fipe */ = {
			isa = PBXNativeTarget;
			buildConfigurationList = 656048091AD49006004222C7 /* Build configuration list for PBXNativeTarget "fipe" */;
			buildPhases = (
				656047E21AD49005004222C7 /* Sources */,
				656047E31AD49005004222C7 /* Frameworks */,
				656047E41AD49005004222C7 /* Resources */,
			);
			buildRules = (
			);
			dependencies = (
			);
			name = fipe;
			productName = fipe;
			productReference = 656047E61AD49005004222C7 /* Fipe.app */;
			productType = "com.apple.product-type.application";
		};
		656047FE1AD49006004222C7 /* fipeTests */ = {
			isa = PBXNativeTarget;
			buildConfigurationList = 6560480C1AD49006004222C7 /* Build configuration list for PBXNativeTarget "fipeTests" */;
			buildPhases = (
				656047FB1AD49006004222C7 /* Sources */,
				656047FC1AD49006004222C7 /* Frameworks */,
				656047FD1AD49006004222C7 /* Resources */,
			);
			buildRules = (
			);
			dependencies = (
				656048011AD49006004222C7 /* PBXTargetDependency */,
			);
			name = fipeTests;
			productName = fipeTests;
			productReference = 656047FF1AD49006004222C7 /* fipeTests.xctest */;
			productType = "com.apple.product-type.bundle.unit-test";
		};
/* End PBXNativeTarget section */

/* Begin PBXProject section */
		656047DE1AD49005004222C7 /* Project object */ = {
			isa = PBXProject;
			attributes = {
				LastUpgradeCheck = 0620;
				ORGANIZATIONNAME = UMobApp;
				TargetAttributes = {
					656047E51AD49005004222C7 = {
						CreatedOnToolsVersion = 6.2;
						DevelopmentTeam = G5DZUZ6Z47;
					};
					656047FE1AD49006004222C7 = {
						CreatedOnToolsVersion = 6.2;
						TestTargetID = 656047E51AD49005004222C7;
					};
				};
			};
			buildConfigurationList = 656047E11AD49005004222C7 /* Build configuration list for PBXProject "fipe" */;
			compatibilityVersion = "Xcode 3.2";
			developmentRegion = English;
			hasScannedForEncodings = 0;
			knownRegions = (
				Base,
			);
			mainGroup = 656047DD1AD49005004222C7;
			productRefGroup = 656047E71AD49005004222C7 /* Products */;
			projectDirPath = "";
			projectRoot = "";
			targets = (
				656047E51AD49005004222C7 /* fipe */,
				656047FE1AD49006004222C7 /* fipeTests */,
			);
		};
/* End PBXProject section */

/* Begin PBXResourcesBuildPhase section */
		656047E41AD49005004222C7 /* Resources */ = {
			isa = PBXResourcesBuildPhase;
			buildActionMask = 2147483647;
			files = (
				656047F51AD49006004222C7 /* Main.storyboard in Resources */,
				656047FA1AD49006004222C7 /* LaunchScreen.xib in Resources */,
				65D963141AD9460F00755BD0 /* UMobApp.png in Resources */,
				65D368FA1AD9B42F00BFB6B7 /* calendario.png in Resources */,
				656047F71AD49006004222C7 /* Images.xcassets in Resources */,
				65D368FD1AD9BD9C00BFB6B7 /* favorito.png in Resources */,
				65D368FB1AD9B42F00BFB6B7 /* preco.png in Resources */,
			);
			runOnlyForDeploymentPostprocessing = 0;
		};
		656047FD1AD49006004222C7 /* Resources */ = {
			isa = PBXResourcesBuildPhase;
			buildActionMask = 2147483647;
			files = (
			);
			runOnlyForDeploymentPostprocessing = 0;
		};
/* End PBXResourcesBuildPhase section */

/* Begin PBXSourcesBuildPhase section */
		656047E21AD49005004222C7 /* Sources */ = {
			isa = PBXSourcesBuildPhase;
			buildActionMask = 2147483647;
			files = (
				65A0FE471AD6D9B400A20139 /* AppGlobal.m in Sources */,
				65D368F51AD9963A00BFB6B7 /* FavoritoTableViewController.m in Sources */,
				656048381AD49D01004222C7 /* SBJsonStreamParserState.m in Sources */,
				656048341AD49D01004222C7 /* SBJsonParser.m in Sources */,
				659F82901AD589D300B9B044 /* DetalheViewController.m in Sources */,
				656048371AD49D01004222C7 /* SBJsonStreamParserAdapter.m in Sources */,
				656048161AD496D2004222C7 /* RootTableViewController.m in Sources */,
				656048361AD49D01004222C7 /* SBJsonStreamParserAccumulator.m in Sources */,
				656047F21AD49006004222C7 /* ViewController.m in Sources */,
				656048111AD49316004222C7 /* MontadoraTableViewController.m in Sources */,
				6560483B1AD49D01004222C7 /* SBJsonStreamWriterState.m in Sources */,
				656048391AD49D01004222C7 /* SBJsonStreamWriter.m in Sources */,
				6560483A1AD49D01004222C7 /* SBJsonStreamWriterAccumulator.m in Sources */,
				656047EF1AD49006004222C7 /* AppDelegate.m in Sources */,
				65A0FE441AD6D43B00A20139 /* CustomSegue.m in Sources */,
				6560483C1AD49D01004222C7 /* SBJsonTokeniser.m in Sources */,
				65D368F21AD9691F00BFB6B7 /* WebService.m in Sources */,
				656048331AD49D01004222C7 /* NSObject+SBJson.m in Sources */,
				656047EC1AD49006004222C7 /* main.m in Sources */,
				656048351AD49D01004222C7 /* SBJsonStreamParser.m in Sources */,
				6560483D1AD49D01004222C7 /* SBJsonUTF8Stream.m in Sources */,
				6560483E1AD49D01004222C7 /* SBJsonWriter.m in Sources */,
			);
			runOnlyForDeploymentPostprocessing = 0;
		};
		656047FB1AD49006004222C7 /* Sources */ = {
			isa = PBXSourcesBuildPhase;
			buildActionMask = 2147483647;
			files = (
				656048061AD49006004222C7 /* fipeTests.m in Sources */,
			);
			runOnlyForDeploymentPostprocessing = 0;
		};
/* End PBXSourcesBuildPhase section */

/* Begin PBXTargetDependency section */
		656048011AD49006004222C7 /* PBXTargetDependency */ = {
			isa = PBXTargetDependency;
			target = 656047E51AD49005004222C7 /* fipe */;
			targetProxy = 656048001AD49006004222C7 /* PBXContainerItemProxy */;
		};
/* End PBXTargetDependency section */

/* Begin PBXVariantGroup section */
		656047F31AD49006004222C7 /* Main.storyboard */ = {
			isa = PBXVariantGroup;
			children = (
				656047F41AD49006004222C7 /* Base */,
				65D368F71AD9AC8E00BFB6B7 /* pt */,
			);
			name = Main.storyboard;
			sourceTree = "<group>";
		};
		656047F81AD49006004222C7 /* LaunchScreen.xib */ = {
			isa = PBXVariantGroup;
			children = (
				656047F91AD49006004222C7 /* Base */,
				65D368F61AD9AC8E00BFB6B7 /* pt */,
			);
			name = LaunchScreen.xib;
			sourceTree = "<group>";
		};
/* End PBXVariantGroup section */

/* Begin XCBuildConfiguration section */
		656048071AD49006004222C7 /* Debug */ = {
			isa = XCBuildConfiguration;
			buildSettings = {
				ALWAYS_SEARCH_USER_PATHS = NO;
				CLANG_CXX_LANGUAGE_STANDARD = "gnu++0x";
				CLANG_CXX_LIBRARY = "libc++";
				CLANG_ENABLE_MODULES = YES;
				CLANG_ENABLE_OBJC_ARC = YES;
				CLANG_WARN_BOOL_CONVERSION = YES;
				CLANG_WARN_CONSTANT_CONVERSION = YES;
				CLANG_WARN_DIRECT_OBJC_ISA_USAGE = YES_ERROR;
				CLANG_WARN_EMPTY_BODY = YES;
				CLANG_WARN_ENUM_CONVERSION = YES;
				CLANG_WARN_INT_CONVERSION = YES;
				CLANG_WARN_OBJC_ROOT_CLASS = YES_ERROR;
				CLANG_WARN_UNREACHABLE_CODE = YES;
				CLANG_WARN__DUPLICATE_METHOD_MATCH = YES;
				"CODE_SIGN_IDENTITY[sdk=iphoneos*]" = "iPhone Developer";
				COPY_PHASE_STRIP = NO;
				ENABLE_STRICT_OBJC_MSGSEND = YES;
				GCC_C_LANGUAGE_STANDARD = gnu99;
				GCC_DYNAMIC_NO_PIC = NO;
				GCC_OPTIMIZATION_LEVEL = 0;
				GCC_PREPROCESSOR_DEFINITIONS = (
					"DEBUG=1",
					"$(inherited)",
				);
				GCC_SYMBOLS_PRIVATE_EXTERN = NO;
				GCC_WARN_64_TO_32_BIT_CONVERSION = YES;
				GCC_WARN_ABOUT_RETURN_TYPE = YES_ERROR;
				GCC_WARN_UNDECLARED_SELECTOR = YES;
				GCC_WARN_UNINITIALIZED_AUTOS = YES_AGGRESSIVE;
				GCC_WARN_UNUSED_FUNCTION = YES;
				GCC_WARN_UNUSED_VARIABLE = YES;
				IPHONEOS_DEPLOYMENT_TARGET = 7.0;
				MTL_ENABLE_DEBUG_INFO = YES;
				ONLY_ACTIVE_ARCH = YES;
				SDKROOT = iphoneos;
				TARGETED_DEVICE_FAMILY = "1,2";
			};
			name = Debug;
		};
		656048081AD49006004222C7 /* Release */ = {
			isa = XCBuildConfiguration;
			buildSettings = {
				ALWAYS_SEARCH_USER_PATHS = NO;
				CLANG_CXX_LANGUAGE_STANDARD = "gnu++0x";
				CLANG_CXX_LIBRARY = "libc++";
				CLANG_ENABLE_MODULES = YES;
				CLANG_ENABLE_OBJC_ARC = YES;
				CLANG_WARN_BOOL_CONVERSION = YES;
				CLANG_WARN_CONSTANT_CONVERSION = YES;
				CLANG_WARN_DIRECT_OBJC_ISA_USAGE = YES_ERROR;
				CLANG_WARN_EMPTY_BODY = YES;
				CLANG_WARN_ENUM_CONVERSION = YES;
				CLANG_WARN_INT_CONVERSION = YES;
				CLANG_WARN_OBJC_ROOT_CLASS = YES_ERROR;
				CLANG_WARN_UNREACHABLE_CODE = YES;
				CLANG_WARN__DUPLICATE_METHOD_MATCH = YES;
				"CODE_SIGN_IDENTITY[sdk=iphoneos*]" = "iPhone Developer";
				COPY_PHASE_STRIP = NO;
				ENABLE_NS_ASSERTIONS = NO;
				ENABLE_STRICT_OBJC_MSGSEND = YES;
				GCC_C_LANGUAGE_STANDARD = gnu99;
				GCC_WARN_64_TO_32_BIT_CONVERSION = YES;
				GCC_WARN_ABOUT_RETURN_TYPE = YES_ERROR;
				GCC_WARN_UNDECLARED_SELECTOR = YES;
				GCC_WARN_UNINITIALIZED_AUTOS = YES_AGGRESSIVE;
				GCC_WARN_UNUSED_FUNCTION = YES;
				GCC_WARN_UNUSED_VARIABLE = YES;
				IPHONEOS_DEPLOYMENT_TARGET = 7.0;
				MTL_ENABLE_DEBUG_INFO = NO;
				SDKROOT = iphoneos;
				TARGETED_DEVICE_FAMILY = "1,2";
				VALIDATE_PRODUCT = YES;
			};
			name = Release;
		};
		6560480A1AD49006004222C7 /* Debug */ = {
			isa = XCBuildConfiguration;
			buildSettings = {
				ASSETCATALOG_COMPILER_APPICON_NAME = AppIcon;
				CODE_SIGN_IDENTITY = "iPhone Developer";
				GCC_PREFIX_HEADER = "";
				INFOPLIST_FILE = fipe/Info.plist;
				IPHONEOS_DEPLOYMENT_TARGET = 7.0;
				LD_RUNPATH_SEARCH_PATHS = "$(inherited) @executable_path/Frameworks";
				PRODUCT_NAME = Fipe;
			};
			name = Debug;
		};
		6560480B1AD49006004222C7 /* Release */ = {
			isa = XCBuildConfiguration;
			buildSettings = {
				ASSETCATALOG_COMPILER_APPICON_NAME = AppIcon;
				CODE_SIGN_IDENTITY = "iPhone Developer";
				GCC_PREFIX_HEADER = "";
				INFOPLIST_FILE = fipe/Info.plist;
				IPHONEOS_DEPLOYMENT_TARGET = 7.0;
				LD_RUNPATH_SEARCH_PATHS = "$(inherited) @executable_path/Frameworks";
				PRODUCT_NAME = Fipe;
			};
			name = Release;
		};
		6560480D1AD49006004222C7 /* Debug */ = {
			isa = XCBuildConfiguration;
			buildSettings = {
				BUNDLE_LOADER = "$(TEST_HOST)";
				FRAMEWORK_SEARCH_PATHS = (
					"$(SDKROOT)/Developer/Library/Frameworks",
					"$(inherited)",
				);
				GCC_PREPROCESSOR_DEFINITIONS = (
					"DEBUG=1",
					"$(inherited)",
				);
				INFOPLIST_FILE = fipeTests/Info.plist;
				LD_RUNPATH_SEARCH_PATHS = "$(inherited) @executable_path/Frameworks @loader_path/Frameworks";
				PRODUCT_NAME = "$(TARGET_NAME)";
				TEST_HOST = "$(BUILT_PRODUCTS_DIR)/fipe.app/fipe";
			};
			name = Debug;
		};
		6560480E1AD49006004222C7 /* Release */ = {
			isa = XCBuildConfiguration;
			buildSettings = {
				BUNDLE_LOADER = "$(TEST_HOST)";
				FRAMEWORK_SEARCH_PATHS = (
					"$(SDKROOT)/Developer/Library/Frameworks",
					"$(inherited)",
				);
				INFOPLIST_FILE = fipeTests/Info.plist;
				LD_RUNPATH_SEARCH_PATHS = "$(inherited) @executable_path/Frameworks @loader_path/Frameworks";
				PRODUCT_NAME = "$(TARGET_NAME)";
				TEST_HOST = "$(BUILT_PRODUCTS_DIR)/fipe.app/fipe";
			};
			name = Release;
		};
/* End XCBuildConfiguration section */

/* Begin XCConfigurationList section */
		656047E11AD49005004222C7 /* Build configuration list for PBXProject "fipe" */ = {
			isa = XCConfigurationList;
			buildConfigurations = (
				656048071AD49006004222C7 /* Debug */,
				656048081AD49006004222C7 /* Release */,
			);
			defaultConfigurationIsVisible = 0;
			defaultConfigurationName = Release;
		};
		656048091AD49006004222C7 /* Build configuration list for PBXNativeTarget "fipe" */ = {
			isa = XCConfigurationList;
			buildConfigurations = (
				6560480A1AD49006004222C7 /* Debug */,
				6560480B1AD49006004222C7 /* Release */,
			);
			defaultConfigurationIsVisible = 0;
			defaultConfigurationName = Release;
		};
		6560480C1AD49006004222C7 /* Build configuration list for PBXNativeTarget "fipeTests" */ = {
			isa = XCConfigurationList;
			buildConfigurations = (
				6560480D1AD49006004222C7 /* Debug */,
				6560480E1AD49006004222C7 /* Release */,
			);
			defaultConfigurationIsVisible = 0;
			defaultConfigurationName = Release;
		};
/* End XCConfigurationList section */
	};
	rootObject = 656047DE1AD49005004222C7 /* Project object */;
}
